
Microsoft Visual Studio Solution File, Format Version 12.00
# Visual Studio 15
VisualStudioVersion = 15.0.27703.2042
MinimumVisualStudioVersion = 10.0.40219.1
Project("{8BC9CEB8-8B4A-11D0-8D11-00A0C91BC942}") = "HelloGitHub", "HelloGitHub\HelloGitHub.vcxproj", "{738A9F13-E678-425A-A220-CC1587A48A63}"
EndProject
Global
	GlobalSection(SolutionConfigurationPlatforms) = preSolution
		Debug|x64 = Debug|x64
		Debug|x86 = Debug|x86
		Release|x64 = Release|x64
		Release|x86 = Release|x86
	EndGlobalSection
	GlobalSection(ProjectConfigurationPlatforms) = postSolution
		{738A9F13-E678-425A-A220-CC1587A48A63}.Debug|x64.ActiveCfg = Debug|x64
		{738A9F13-E678-425A-A220-CC1587A48A63}.Debug|x64.Build.0 = Debug|x64
		{738A9F13-E678-425A-A220-CC1587A48A63}.Debug|x86.ActiveCfg = Debug|Win32
		{738A9F13-E678-425A-A220-CC1587A48A63}.Debug|x86.Build.0 = Debug|Win32
		{738A9F13-E678-425A-A220-CC1587A48A63}.Release|x64.ActiveCfg = Release|x64
		{738A9F13-E678-425A-A220-CC1587A48A63}.Release|x64.Build.0 = Release|x64
		{738A9F13-E678-425A-A220-CC1587A48A63}.Release|x86.ActiveCfg = Release|Win32
		{738A9F13-E678-425A-A220-CC1587A48A63}.Release|x86.Build.0 = Release|Win32
	EndGlobalSection
	GlobalSection(SolutionProperties) = preSolution
		HideSolutionNode = FALSE
	EndGlobalSection
	GlobalSection(ExtensibilityGlobals) = postSolution
		SolutionGuid = {A3C77CB1-3A94-4EFF-9111-452D16AD031B}
	EndGlobalSection
EndGlobal
